
Microsoft Visual Studio Solution File, Format Version 12.00
# Visual Studio Version 17
VisualStudioVersion = 17.1.32319.34
MinimumVisualStudioVersion = 10.0.40219.1
Project("{FAE04EC0-301F-11D3-BF4B-00C04F79EFBC}") = "Proje", "Proje\Proje.csproj", "{3C41B2DA-C875-4EC4-9EE0-400DEA3D73B4}"
EndProject
Global
	GlobalSection(SolutionConfigurationPlatforms) = preSolution
		Debug|Any CPU = Debug|Any CPU
		Release|Any CPU = Release|Any CPU
	EndGlobalSection
	GlobalSection(ProjectConfigurationPlatforms) = postSolution
		{3C41B2DA-C875-4EC4-9EE0-400DEA3D73B4}.Debug|Any CPU.ActiveCfg = Debug|Any CPU
		{3C41B2DA-C875-4EC4-9EE0-400DEA3D73B4}.Debug|Any CPU.Build.0 = Debug|Any CPU
		{3C41B2DA-C875-4EC4-9EE0-400DEA3D73B4}.Release|Any CPU.ActiveCfg = Release|Any CPU
		{3C41B2DA-C875-4EC4-9EE0-400DEA3D73B4}.Release|Any CPU.Build.0 = Release|Any CPU
	EndGlobalSection
	GlobalSection(SolutionProperties) = preSolution
		HideSolutionNode = FALSE
	EndGlobalSection
	GlobalSection(ExtensibilityGlobals) = postSolution
		SolutionGuid = {27EA2B43-ED0B-4842-818F-238F1C6DBF6E}
	EndGlobalSection
EndGlobal
